{
  "requires": true,
  "lockfileVersion": 1,
  "dependencies": {
    "@bundled-es-modules/axios": {
      "version": "0.21.1",
      "resolved": "https://registry.npmjs.org/@bundled-es-modules/axios/-/axios-0.21.1.tgz",
      "integrity": "sha512-jlHdEagempZTRIy7KgR1FACLS7sO0QTZhM+6G7xd9kIs/9rzU77d2R2NqxiVFArjjrt2MX6nOP/GvR7+8SWJpQ=="
    },
    "dayjs": {
      "version": "1.10.6",
      "resolved": "https://registry.npmjs.org/dayjs/-/dayjs-1.10.6.tgz",
      "integrity": "sha512-AztC/IOW4L1Q41A86phW5Thhcrco3xuAA+YX/BLpLWWjRcTj5TOt/QImBLmCKlrF7u7k47arTnOyL6GnbG8Hvw=="
    },
    "simple-datatables": {
      "version": "3.0.2",
      "resolved": "https://registry.npmjs.org/simple-datatables/-/simple-datatables-3.0.2.tgz",
      "integrity": "sha512-b1ZFBDoqLA6vLGxhAMgG2gGl1lPsycNrH6jnkgEJDpfJMeoFKF4URGa+TtuZFfMjFte14oGTcpCeyA27wiRP6A==",
      "requires": {
        "dayjs": "^1.10.3"
      }
    },
    "vanilla-datatables": {
      "version": "1.6.16",
      "resolved": "https://registry.npmjs.org/vanilla-datatables/-/vanilla-datatables-1.6.16.tgz",
      "integrity": "sha512-XgxfNpHg+vN5icXd2wvaasG1uq4cTECNo5WU9QULlFV4EpGuSMMGKY6b8lq4QSWL1Zq4+g17e5X0fWmKwopWkw=="
    }
  }
}
